
Microsoft Visual Studio Solution File, Format Version 12.00
# Visual Studio Version 16
VisualStudioVersion = 16.0.30717.126
MinimumVisualStudioVersion = 10.0.40219.1
Project("{FAE04EC0-301F-11D3-BF4B-00C04F79EFBC}") = "StrimmTube", "StrimmTube\StrimmTube.csproj", "{184BB79C-EF8C-4489-A2F7-C279A52593E2}"
EndProject
Project("{FAE04EC0-301F-11D3-BF4B-00C04F79EFBC}") = "StrimmBL", "StrimmBL\StrimmBL.csproj", "{DDB45487-E5AE-4748-8277-F7918A7C95AA}"
EndProject
Project("{FAE04EC0-301F-11D3-BF4B-00C04F79EFBC}") = "Strimm.Data", "Strimm.Data\Strimm.Data.csproj", "{CE3AEC57-2549-4AD6-8B09-980141E7C87C}"
EndProject
Project("{FAE04EC0-301F-11D3-BF4B-00C04F79EFBC}") = "Strimm.Shared", "Strimm.Shared\Strimm.Shared.csproj", "{169850C6-2A6A-4E50-8EAB-8A3810F17BED}"
EndProject
Project("{FAE04EC0-301F-11D3-BF4B-00C04F79EFBC}") = "Strimm.Model", "Strimm.Model\Strimm.Model.csproj", "{1050CEBE-CD4D-4945-A942-01E3E7A3C940}"
EndProject
Project("{FAE04EC0-301F-11D3-BF4B-00C04F79EFBC}") = "Strimm.Data.Tests", "Strimm.Data.Tests\Strimm.Data.Tests.csproj", "{F123D35A-D057-4592-B4BC-3E059DD9A62E}"
EndProject
Project("{FAE04EC0-301F-11D3-BF4B-00C04F79EFBC}") = "Strimm.BL.Tests", "Strimm.BL.Tests\Strimm.BL.Tests.csproj", "{2A5432EA-CCBD-4064-AFE5-903BB022F215}"
EndProject
Project("{2150E333-8FDC-42A3-9474-1A3956D46DE8}") = "Data", "Data", "{7C728276-0EE8-4933-99D6-C0462E3A3F5D}"
EndProject
Project("{2150E333-8FDC-42A3-9474-1A3956D46DE8}") = "BI", "BI", "{C2D29D8A-787D-4F6B-A3BA-4E6666E81247}"
EndProject
Project("{2150E333-8FDC-42A3-9474-1A3956D46DE8}") = "Common", "Common", "{54B21517-8E40-41B6-9BD3-2075C0384788}"
EndProject
Project("{2150E333-8FDC-42A3-9474-1A3956D46DE8}") = "Tests", "Tests", "{A89BF37E-3A0F-447E-BFFE-D3F4F89FEEC3}"
EndProject
Project("{2150E333-8FDC-42A3-9474-1A3956D46DE8}") = "Solution Items", "Solution Items", "{5ED1A7DE-396F-4A23-8530-434B921F98CF}"
	ProjectSection(SolutionItems) = preProject
		ComingSoon.html = ComingSoon.html
		Performance1.psess = Performance1.psess
	EndProjectSection
EndProject
Global
	GlobalSection(SolutionConfigurationPlatforms) = preSolution
		Debug|Any CPU = Debug|Any CPU
		Dev|Any CPU = Dev|Any CPU
		Qa|Any CPU = Qa|Any CPU
		Release|Any CPU = Release|Any CPU
		Sasha|Any CPU = Sasha|Any CPU
	EndGlobalSection
	GlobalSection(ProjectConfigurationPlatforms) = postSolution
		{184BB79C-EF8C-4489-A2F7-C279A52593E2}.Debug|Any CPU.ActiveCfg = Debug|Any CPU
		{184BB79C-EF8C-4489-A2F7-C279A52593E2}.Debug|Any CPU.Build.0 = Debug|Any CPU
		{184BB79C-EF8C-4489-A2F7-C279A52593E2}.Dev|Any CPU.ActiveCfg = Dev|Any CPU
		{184BB79C-EF8C-4489-A2F7-C279A52593E2}.Dev|Any CPU.Build.0 = Dev|Any CPU
		{184BB79C-EF8C-4489-A2F7-C279A52593E2}.Qa|Any CPU.ActiveCfg = Qa|Any CPU
		{184BB79C-EF8C-4489-A2F7-C279A52593E2}.Qa|Any CPU.Build.0 = Qa|Any CPU
		{184BB79C-EF8C-4489-A2F7-C279A52593E2}.Release|Any CPU.ActiveCfg = Release|Any CPU
		{184BB79C-EF8C-4489-A2F7-C279A52593E2}.Release|Any CPU.Build.0 = Release|Any CPU
		{184BB79C-EF8C-4489-A2F7-C279A52593E2}.Sasha|Any CPU.ActiveCfg = Sasha|Any CPU
		{184BB79C-EF8C-4489-A2F7-C279A52593E2}.Sasha|Any CPU.Build.0 = Sasha|Any CPU
		{DDB45487-E5AE-4748-8277-F7918A7C95AA}.Debug|Any CPU.ActiveCfg = Debug|Any CPU
		{DDB45487-E5AE-4748-8277-F7918A7C95AA}.Debug|Any CPU.Build.0 = Debug|Any CPU
		{DDB45487-E5AE-4748-8277-F7918A7C95AA}.Dev|Any CPU.ActiveCfg = Dev|Any CPU
		{DDB45487-E5AE-4748-8277-F7918A7C95AA}.Dev|Any CPU.Build.0 = Dev|Any CPU
		{DDB45487-E5AE-4748-8277-F7918A7C95AA}.Qa|Any CPU.ActiveCfg = Qa|Any CPU
		{DDB45487-E5AE-4748-8277-F7918A7C95AA}.Qa|Any CPU.Build.0 = Qa|Any CPU
		{DDB45487-E5AE-4748-8277-F7918A7C95AA}.Release|Any CPU.ActiveCfg = Release|Any CPU
		{DDB45487-E5AE-4748-8277-F7918A7C95AA}.Release|Any CPU.Build.0 = Release|Any CPU
		{DDB45487-E5AE-4748-8277-F7918A7C95AA}.Sasha|Any CPU.ActiveCfg = Sasha|Any CPU
		{DDB45487-E5AE-4748-8277-F7918A7C95AA}.Sasha|Any CPU.Build.0 = Sasha|Any CPU
		{CE3AEC57-2549-4AD6-8B09-980141E7C87C}.Debug|Any CPU.ActiveCfg = Debug|Any CPU
		{CE3AEC57-2549-4AD6-8B09-980141E7C87C}.Debug|Any CPU.Build.0 = Debug|Any CPU
		{CE3AEC57-2549-4AD6-8B09-980141E7C87C}.Dev|Any CPU.ActiveCfg = Dev|Any CPU
		{CE3AEC57-2549-4AD6-8B09-980141E7C87C}.Dev|Any CPU.Build.0 = Dev|Any CPU
		{CE3AEC57-2549-4AD6-8B09-980141E7C87C}.Qa|Any CPU.ActiveCfg = Qa|Any CPU
		{CE3AEC57-2549-4AD6-8B09-980141E7C87C}.Qa|Any CPU.Build.0 = Qa|Any CPU
		{CE3AEC57-2549-4AD6-8B09-980141E7C87C}.Release|Any CPU.ActiveCfg = Release|Any CPU
		{CE3AEC57-2549-4AD6-8B09-980141E7C87C}.Release|Any CPU.Build.0 = Release|Any CPU
		{CE3AEC57-2549-4AD6-8B09-980141E7C87C}.Sasha|Any CPU.ActiveCfg = Sasha|Any CPU
		{CE3AEC57-2549-4AD6-8B09-980141E7C87C}.Sasha|Any CPU.Build.0 = Sasha|Any CPU
		{169850C6-2A6A-4E50-8EAB-8A3810F17BED}.Debug|Any CPU.ActiveCfg = Debug|Any CPU
		{169850C6-2A6A-4E50-8EAB-8A3810F17BED}.Debug|Any CPU.Build.0 = Debug|Any CPU
		{169850C6-2A6A-4E50-8EAB-8A3810F17BED}.Dev|Any CPU.ActiveCfg = Dev|Any CPU
		{169850C6-2A6A-4E50-8EAB-8A3810F17BED}.Dev|Any CPU.Build.0 = Dev|Any CPU
		{169850C6-2A6A-4E50-8EAB-8A3810F17BED}.Qa|Any CPU.ActiveCfg = Qa|Any CPU
		{169850C6-2A6A-4E50-8EAB-8A3810F17BED}.Qa|Any CPU.Build.0 = Qa|Any CPU
		{169850C6-2A6A-4E50-8EAB-8A3810F17BED}.Release|Any CPU.ActiveCfg = Release|Any CPU
		{169850C6-2A6A-4E50-8EAB-8A3810F17BED}.Release|Any CPU.Build.0 = Release|Any CPU
		{169850C6-2A6A-4E50-8EAB-8A3810F17BED}.Sasha|Any CPU.ActiveCfg = Sasha|Any CPU
		{169850C6-2A6A-4E50-8EAB-8A3810F17BED}.Sasha|Any CPU.Build.0 = Sasha|Any CPU
		{1050CEBE-CD4D-4945-A942-01E3E7A3C940}.Debug|Any CPU.ActiveCfg = Debug|Any CPU
		{1050CEBE-CD4D-4945-A942-01E3E7A3C940}.Debug|Any CPU.Build.0 = Debug|Any CPU
		{1050CEBE-CD4D-4945-A942-01E3E7A3C940}.Dev|Any CPU.ActiveCfg = Dev|Any CPU
		{1050CEBE-CD4D-4945-A942-01E3E7A3C940}.Dev|Any CPU.Build.0 = Dev|Any CPU
		{1050CEBE-CD4D-4945-A942-01E3E7A3C940}.Qa|Any CPU.ActiveCfg = Qa|Any CPU
		{1050CEBE-CD4D-4945-A942-01E3E7A3C940}.Qa|Any CPU.Build.0 = Qa|Any CPU
		{1050CEBE-CD4D-4945-A942-01E3E7A3C940}.Release|Any CPU.ActiveCfg = Release|Any CPU
		{1050CEBE-CD4D-4945-A942-01E3E7A3C940}.Release|Any CPU.Build.0 = Release|Any CPU
		{1050CEBE-CD4D-4945-A942-01E3E7A3C940}.Sasha|Any CPU.ActiveCfg = Sasha|Any CPU
		{1050CEBE-CD4D-4945-A942-01E3E7A3C940}.Sasha|Any CPU.Build.0 = Sasha|Any CPU
		{F123D35A-D057-4592-B4BC-3E059DD9A62E}.Debug|Any CPU.ActiveCfg = Debug|Any CPU
		{F123D35A-D057-4592-B4BC-3E059DD9A62E}.Debug|Any CPU.Build.0 = Debug|Any CPU
		{F123D35A-D057-4592-B4BC-3E059DD9A62E}.Dev|Any CPU.ActiveCfg = Dev|Any CPU
		{F123D35A-D057-4592-B4BC-3E059DD9A62E}.Dev|Any CPU.Build.0 = Dev|Any CPU
		{F123D35A-D057-4592-B4BC-3E059DD9A62E}.Qa|Any CPU.ActiveCfg = Qa|Any CPU
		{F123D35A-D057-4592-B4BC-3E059DD9A62E}.Qa|Any CPU.Build.0 = Qa|Any CPU
		{F123D35A-D057-4592-B4BC-3E059DD9A62E}.Release|Any CPU.ActiveCfg = Release|Any CPU
		{F123D35A-D057-4592-B4BC-3E059DD9A62E}.Release|Any CPU.Build.0 = Release|Any CPU
		{F123D35A-D057-4592-B4BC-3E059DD9A62E}.Sasha|Any CPU.ActiveCfg = Sasha|Any CPU
		{F123D35A-D057-4592-B4BC-3E059DD9A62E}.Sasha|Any CPU.Build.0 = Sasha|Any CPU
		{2A5432EA-CCBD-4064-AFE5-903BB022F215}.Debug|Any CPU.ActiveCfg = Debug|Any CPU
		{2A5432EA-CCBD-4064-AFE5-903BB022F215}.Debug|Any CPU.Build.0 = Debug|Any CPU
		{2A5432EA-CCBD-4064-AFE5-903BB022F215}.Dev|Any CPU.ActiveCfg = Dev|Any CPU
		{2A5432EA-CCBD-4064-AFE5-903BB022F215}.Dev|Any CPU.Build.0 = Dev|Any CPU
		{2A5432EA-CCBD-4064-AFE5-903BB022F215}.Qa|Any CPU.ActiveCfg = Release|Any CPU
		{2A5432EA-CCBD-4064-AFE5-903BB022F215}.Qa|Any CPU.Build.0 = Release|Any CPU
		{2A5432EA-CCBD-4064-AFE5-903BB022F215}.Release|Any CPU.ActiveCfg = Release|Any CPU
		{2A5432EA-CCBD-4064-AFE5-903BB022F215}.Release|Any CPU.Build.0 = Release|Any CPU
		{2A5432EA-CCBD-4064-AFE5-903BB022F215}.Sasha|Any CPU.ActiveCfg = Sasha|Any CPU
		{2A5432EA-CCBD-4064-AFE5-903BB022F215}.Sasha|Any CPU.Build.0 = Sasha|Any CPU
	EndGlobalSection
	GlobalSection(SolutionProperties) = preSolution
		HideSolutionNode = FALSE
	EndGlobalSection
	GlobalSection(NestedProjects) = preSolution
		{DDB45487-E5AE-4748-8277-F7918A7C95AA} = {C2D29D8A-787D-4F6B-A3BA-4E6666E81247}
		{CE3AEC57-2549-4AD6-8B09-980141E7C87C} = {7C728276-0EE8-4933-99D6-C0462E3A3F5D}
		{169850C6-2A6A-4E50-8EAB-8A3810F17BED} = {54B21517-8E40-41B6-9BD3-2075C0384788}
		{1050CEBE-CD4D-4945-A942-01E3E7A3C940} = {7C728276-0EE8-4933-99D6-C0462E3A3F5D}
		{F123D35A-D057-4592-B4BC-3E059DD9A62E} = {A89BF37E-3A0F-447E-BFFE-D3F4F89FEEC3}
		{2A5432EA-CCBD-4064-AFE5-903BB022F215} = {A89BF37E-3A0F-447E-BFFE-D3F4F89FEEC3}
	EndGlobalSection
	GlobalSection(ExtensibilityGlobals) = postSolution
		SolutionGuid = {03B2B9AC-556A-4FB1-B96B-CC2FDDBF10F3}
	EndGlobalSection
EndGlobal
