
Microsoft Visual Studio Solution File, Format Version 12.00
# Visual Studio 2013
VisualStudioVersion = 12.0.30723.0
MinimumVisualStudioVersion = 10.0.40219.1
Project("{FAE04EC0-301F-11D3-BF4B-00C04F79EFBC}") = "Strimm.VideoImport", "Strimm.VideoImport\Strimm.VideoImport.csproj", "{8BBAA212-59ED-41D1-AF39-AE86A2384CF2}"
EndProject
Project("{2150E333-8FDC-42A3-9474-1A3956D46DE8}") = "Data", "Data", "{3B643401-8C27-4FDF-BB19-84AB0DD0BAA5}"
EndProject
Project("{FAE04EC0-301F-11D3-BF4B-00C04F79EFBC}") = "Strimm.Data", "Strimm.Data\Strimm.Data.csproj", "{CE3AEC57-2549-4AD6-8B09-980141E7C87C}"
EndProject
Project("{2150E333-8FDC-42A3-9474-1A3956D46DE8}") = "BL", "BL", "{4B037BFC-BE30-4D10-8E5A-997906C504B9}"
EndProject
Project("{FAE04EC0-301F-11D3-BF4B-00C04F79EFBC}") = "StrimmBL", "StrimmBL\StrimmBL.csproj", "{DDB45487-E5AE-4748-8277-F7918A7C95AA}"
EndProject
Project("{FAE04EC0-301F-11D3-BF4B-00C04F79EFBC}") = "Strimm.Model", "Strimm.Model\Strimm.Model.csproj", "{1050CEBE-CD4D-4945-A942-01E3E7A3C940}"
EndProject
Project("{FAE04EC0-301F-11D3-BF4B-00C04F79EFBC}") = "Dapper 4.5", "Dapper 4.5\Dapper 4.5.csproj", "{C2673AFB-0EFD-4D4F-96EA-2353DB366D10}"
EndProject
Project("{2150E333-8FDC-42A3-9474-1A3956D46DE8}") = "Shared", "Shared", "{A8C8D383-8980-43B7-960E-502D51D57BD8}"
EndProject
Project("{FAE04EC0-301F-11D3-BF4B-00C04F79EFBC}") = "Strimm.Shared", "Strimm.Shared\Strimm.Shared.csproj", "{169850C6-2A6A-4E50-8EAB-8A3810F17BED}"
EndProject
Global
	GlobalSection(TeamFoundationVersionControl) = preSolution
		SccNumberOfProjects = 7
		SccEnterpriseProvider = {4CA58AB2-18FA-4F8D-95D4-32DDF27D184C}
		SccTeamFoundationServer = http://tfs2013.strimm.com:8080/tfs/strimmtubetfs
		SccLocalPath0 = .
		SccProjectUniqueName1 = Strimm.VideoImport\\Strimm.VideoImport.csproj
		SccProjectName1 = Strimm.VideoImport
		SccLocalPath1 = Strimm.VideoImport
		SccProjectUniqueName2 = Strimm.Data\\Strimm.Data.csproj
		SccProjectTopLevelParentUniqueName2 = Strimm.DataImport.sln
		SccProjectName2 = Strimm.Data
		SccLocalPath2 = Strimm.Data
		SccProjectUniqueName3 = StrimmBL\\StrimmBL.csproj
		SccProjectTopLevelParentUniqueName3 = Strimm.DataImport.sln
		SccProjectName3 = StrimmBL
		SccLocalPath3 = StrimmBL
		SccProjectUniqueName4 = Strimm.Model\\Strimm.Model.csproj
		SccProjectTopLevelParentUniqueName4 = Strimm.DataImport.sln
		SccProjectName4 = Strimm.Model
		SccLocalPath4 = Strimm.Model
		SccProjectUniqueName5 = Dapper\u00204.5\\Dapper\u00204.5.csproj
		SccProjectTopLevelParentUniqueName5 = Strimm.DataImport.sln
		SccProjectName5 = Dapper\u00204.5
		SccLocalPath5 = Dapper\u00204.5
		SccProjectUniqueName6 = Strimm.Shared\\Strimm.Shared.csproj
		SccProjectTopLevelParentUniqueName6 = Strimm.DataImport.sln
		SccProjectName6 = Strimm.Shared
		SccLocalPath6 = Strimm.Shared
	EndGlobalSection
	GlobalSection(SolutionConfigurationPlatforms) = preSolution
		Debug|Any CPU = Debug|Any CPU
		Dev|Any CPU = Dev|Any CPU
		Qa|Any CPU = Qa|Any CPU
		Release|Any CPU = Release|Any CPU
		Sasha|Any CPU = Sasha|Any CPU
	EndGlobalSection
	GlobalSection(ProjectConfigurationPlatforms) = postSolution
		{8BBAA212-59ED-41D1-AF39-AE86A2384CF2}.Debug|Any CPU.ActiveCfg = Debug|Any CPU
		{8BBAA212-59ED-41D1-AF39-AE86A2384CF2}.Debug|Any CPU.Build.0 = Debug|Any CPU
		{8BBAA212-59ED-41D1-AF39-AE86A2384CF2}.Dev|Any CPU.ActiveCfg = Debug|Any CPU
		{8BBAA212-59ED-41D1-AF39-AE86A2384CF2}.Dev|Any CPU.Build.0 = Debug|Any CPU
		{8BBAA212-59ED-41D1-AF39-AE86A2384CF2}.Qa|Any CPU.ActiveCfg = Release|Any CPU
		{8BBAA212-59ED-41D1-AF39-AE86A2384CF2}.Qa|Any CPU.Build.0 = Release|Any CPU
		{8BBAA212-59ED-41D1-AF39-AE86A2384CF2}.Release|Any CPU.ActiveCfg = Release|Any CPU
		{8BBAA212-59ED-41D1-AF39-AE86A2384CF2}.Release|Any CPU.Build.0 = Release|Any CPU
		{8BBAA212-59ED-41D1-AF39-AE86A2384CF2}.Sasha|Any CPU.ActiveCfg = Release|Any CPU
		{8BBAA212-59ED-41D1-AF39-AE86A2384CF2}.Sasha|Any CPU.Build.0 = Release|Any CPU
		{CE3AEC57-2549-4AD6-8B09-980141E7C87C}.Debug|Any CPU.ActiveCfg = Debug|Any CPU
		{CE3AEC57-2549-4AD6-8B09-980141E7C87C}.Debug|Any CPU.Build.0 = Debug|Any CPU
		{CE3AEC57-2549-4AD6-8B09-980141E7C87C}.Dev|Any CPU.ActiveCfg = Dev|Any CPU
		{CE3AEC57-2549-4AD6-8B09-980141E7C87C}.Dev|Any CPU.Build.0 = Dev|Any CPU
		{CE3AEC57-2549-4AD6-8B09-980141E7C87C}.Qa|Any CPU.ActiveCfg = Qa|Any CPU
		{CE3AEC57-2549-4AD6-8B09-980141E7C87C}.Qa|Any CPU.Build.0 = Qa|Any CPU
		{CE3AEC57-2549-4AD6-8B09-980141E7C87C}.Release|Any CPU.ActiveCfg = Release|Any CPU
		{CE3AEC57-2549-4AD6-8B09-980141E7C87C}.Release|Any CPU.Build.0 = Release|Any CPU
		{CE3AEC57-2549-4AD6-8B09-980141E7C87C}.Sasha|Any CPU.ActiveCfg = Sasha|Any CPU
		{CE3AEC57-2549-4AD6-8B09-980141E7C87C}.Sasha|Any CPU.Build.0 = Sasha|Any CPU
		{DDB45487-E5AE-4748-8277-F7918A7C95AA}.Debug|Any CPU.ActiveCfg = Debug|Any CPU
		{DDB45487-E5AE-4748-8277-F7918A7C95AA}.Debug|Any CPU.Build.0 = Debug|Any CPU
		{DDB45487-E5AE-4748-8277-F7918A7C95AA}.Dev|Any CPU.ActiveCfg = Dev|Any CPU
		{DDB45487-E5AE-4748-8277-F7918A7C95AA}.Dev|Any CPU.Build.0 = Dev|Any CPU
		{DDB45487-E5AE-4748-8277-F7918A7C95AA}.Qa|Any CPU.ActiveCfg = Qa|Any CPU
		{DDB45487-E5AE-4748-8277-F7918A7C95AA}.Qa|Any CPU.Build.0 = Qa|Any CPU
		{DDB45487-E5AE-4748-8277-F7918A7C95AA}.Release|Any CPU.ActiveCfg = Release|Any CPU
		{DDB45487-E5AE-4748-8277-F7918A7C95AA}.Release|Any CPU.Build.0 = Release|Any CPU
		{DDB45487-E5AE-4748-8277-F7918A7C95AA}.Sasha|Any CPU.ActiveCfg = Sasha|Any CPU
		{DDB45487-E5AE-4748-8277-F7918A7C95AA}.Sasha|Any CPU.Build.0 = Sasha|Any CPU
		{1050CEBE-CD4D-4945-A942-01E3E7A3C940}.Debug|Any CPU.ActiveCfg = Debug|Any CPU
		{1050CEBE-CD4D-4945-A942-01E3E7A3C940}.Debug|Any CPU.Build.0 = Debug|Any CPU
		{1050CEBE-CD4D-4945-A942-01E3E7A3C940}.Dev|Any CPU.ActiveCfg = Dev|Any CPU
		{1050CEBE-CD4D-4945-A942-01E3E7A3C940}.Dev|Any CPU.Build.0 = Dev|Any CPU
		{1050CEBE-CD4D-4945-A942-01E3E7A3C940}.Qa|Any CPU.ActiveCfg = Qa|Any CPU
		{1050CEBE-CD4D-4945-A942-01E3E7A3C940}.Qa|Any CPU.Build.0 = Qa|Any CPU
		{1050CEBE-CD4D-4945-A942-01E3E7A3C940}.Release|Any CPU.ActiveCfg = Release|Any CPU
		{1050CEBE-CD4D-4945-A942-01E3E7A3C940}.Release|Any CPU.Build.0 = Release|Any CPU
		{1050CEBE-CD4D-4945-A942-01E3E7A3C940}.Sasha|Any CPU.ActiveCfg = Sasha|Any CPU
		{1050CEBE-CD4D-4945-A942-01E3E7A3C940}.Sasha|Any CPU.Build.0 = Sasha|Any CPU
		{C2673AFB-0EFD-4D4F-96EA-2353DB366D10}.Debug|Any CPU.ActiveCfg = Debug|Any CPU
		{C2673AFB-0EFD-4D4F-96EA-2353DB366D10}.Debug|Any CPU.Build.0 = Debug|Any CPU
		{C2673AFB-0EFD-4D4F-96EA-2353DB366D10}.Dev|Any CPU.ActiveCfg = Dev|Any CPU
		{C2673AFB-0EFD-4D4F-96EA-2353DB366D10}.Dev|Any CPU.Build.0 = Dev|Any CPU
		{C2673AFB-0EFD-4D4F-96EA-2353DB366D10}.Qa|Any CPU.ActiveCfg = Qa|Any CPU
		{C2673AFB-0EFD-4D4F-96EA-2353DB366D10}.Qa|Any CPU.Build.0 = Qa|Any CPU
		{C2673AFB-0EFD-4D4F-96EA-2353DB366D10}.Release|Any CPU.ActiveCfg = Release|Any CPU
		{C2673AFB-0EFD-4D4F-96EA-2353DB366D10}.Release|Any CPU.Build.0 = Release|Any CPU
		{C2673AFB-0EFD-4D4F-96EA-2353DB366D10}.Sasha|Any CPU.ActiveCfg = Sasha|Any CPU
		{C2673AFB-0EFD-4D4F-96EA-2353DB366D10}.Sasha|Any CPU.Build.0 = Sasha|Any CPU
		{169850C6-2A6A-4E50-8EAB-8A3810F17BED}.Debug|Any CPU.ActiveCfg = Debug|Any CPU
		{169850C6-2A6A-4E50-8EAB-8A3810F17BED}.Debug|Any CPU.Build.0 = Debug|Any CPU
		{169850C6-2A6A-4E50-8EAB-8A3810F17BED}.Dev|Any CPU.ActiveCfg = Dev|Any CPU
		{169850C6-2A6A-4E50-8EAB-8A3810F17BED}.Dev|Any CPU.Build.0 = Dev|Any CPU
		{169850C6-2A6A-4E50-8EAB-8A3810F17BED}.Qa|Any CPU.ActiveCfg = Qa|Any CPU
		{169850C6-2A6A-4E50-8EAB-8A3810F17BED}.Qa|Any CPU.Build.0 = Qa|Any CPU
		{169850C6-2A6A-4E50-8EAB-8A3810F17BED}.Release|Any CPU.ActiveCfg = Release|Any CPU
		{169850C6-2A6A-4E50-8EAB-8A3810F17BED}.Release|Any CPU.Build.0 = Release|Any CPU
		{169850C6-2A6A-4E50-8EAB-8A3810F17BED}.Sasha|Any CPU.ActiveCfg = Sasha|Any CPU
		{169850C6-2A6A-4E50-8EAB-8A3810F17BED}.Sasha|Any CPU.Build.0 = Sasha|Any CPU
	EndGlobalSection
	GlobalSection(SolutionProperties) = preSolution
		HideSolutionNode = FALSE
	EndGlobalSection
	GlobalSection(NestedProjects) = preSolution
		{CE3AEC57-2549-4AD6-8B09-980141E7C87C} = {3B643401-8C27-4FDF-BB19-84AB0DD0BAA5}
		{DDB45487-E5AE-4748-8277-F7918A7C95AA} = {4B037BFC-BE30-4D10-8E5A-997906C504B9}
		{1050CEBE-CD4D-4945-A942-01E3E7A3C940} = {3B643401-8C27-4FDF-BB19-84AB0DD0BAA5}
		{C2673AFB-0EFD-4D4F-96EA-2353DB366D10} = {3B643401-8C27-4FDF-BB19-84AB0DD0BAA5}
		{169850C6-2A6A-4E50-8EAB-8A3810F17BED} = {A8C8D383-8980-43B7-960E-502D51D57BD8}
	EndGlobalSection
EndGlobal
